
Microsoft Visual Studio Solution File, Format Version 12.00
# Visual Studio Version 16
VisualStudioVersion = 16.0.30002.166
MinimumVisualStudioVersion = 10.0.40219.1
Project("{9A19103F-16F7-4668-BE54-9A1E7A4F7556}") = "Entity Framework", "Entity Framework\Entity Framework.csproj", "{F2637E19-989A-4E10-B457-14C97149AB43}"
EndProject
Project("{FAE04EC0-301F-11D3-BF4B-00C04F79EFBC}") = "DatabaseFirstDemo", "DatabaseFirstDemo\DatabaseFirstDemo.csproj", "{5BCABB25-9EDE-4889-A0B3-F099A064CBFF}"
EndProject
Project("{FAE04EC0-301F-11D3-BF4B-00C04F79EFBC}") = "CodeFirstDemo", "CodeFirstDemo\CodeFirstDemo.csproj", "{AD8CB2F8-D9C4-4B10-BC3C-8FE78CA9764D}"
EndProject
Project("{FAE04EC0-301F-11D3-BF4B-00C04F79EFBC}") = "DatabaseFirst(Pluto)", "DatabaseFirst(Pluto)\DatabaseFirst(Pluto).csproj", "{758DD19B-D160-4669-9831-D35F367C3AA1}"
EndProject
Project("{FAE04EC0-301F-11D3-BF4B-00C04F79EFBC}") = "CodeFirstwithNewDatabase(Pluto)", "CodeFirstwithNewDatabase(Pluto)\CodeFirstwithNewDatabase(Pluto).csproj", "{D4CCF8B7-8EB9-4158-B908-184BB1C96A8E}"
EndProject
Project("{FAE04EC0-301F-11D3-BF4B-00C04F79EFBC}") = "PlutoCodeFirst", "PlutoCodeFirst\PlutoCodeFirst.csproj", "{A49BCBE1-C8C9-4EF5-B61F-BE12F67D83D3}"
EndProject
Global
	GlobalSection(SolutionConfigurationPlatforms) = preSolution
		Debug|Any CPU = Debug|Any CPU
		Release|Any CPU = Release|Any CPU
	EndGlobalSection
	GlobalSection(ProjectConfigurationPlatforms) = postSolution
		{F2637E19-989A-4E10-B457-14C97149AB43}.Debug|Any CPU.ActiveCfg = Debug|Any CPU
		{F2637E19-989A-4E10-B457-14C97149AB43}.Debug|Any CPU.Build.0 = Debug|Any CPU
		{F2637E19-989A-4E10-B457-14C97149AB43}.Release|Any CPU.ActiveCfg = Release|Any CPU
		{F2637E19-989A-4E10-B457-14C97149AB43}.Release|Any CPU.Build.0 = Release|Any CPU
		{5BCABB25-9EDE-4889-A0B3-F099A064CBFF}.Debug|Any CPU.ActiveCfg = Debug|Any CPU
		{5BCABB25-9EDE-4889-A0B3-F099A064CBFF}.Debug|Any CPU.Build.0 = Debug|Any CPU
		{5BCABB25-9EDE-4889-A0B3-F099A064CBFF}.Release|Any CPU.ActiveCfg = Release|Any CPU
		{5BCABB25-9EDE-4889-A0B3-F099A064CBFF}.Release|Any CPU.Build.0 = Release|Any CPU
		{AD8CB2F8-D9C4-4B10-BC3C-8FE78CA9764D}.Debug|Any CPU.ActiveCfg = Debug|Any CPU
		{AD8CB2F8-D9C4-4B10-BC3C-8FE78CA9764D}.Debug|Any CPU.Build.0 = Debug|Any CPU
		{AD8CB2F8-D9C4-4B10-BC3C-8FE78CA9764D}.Release|Any CPU.ActiveCfg = Release|Any CPU
		{AD8CB2F8-D9C4-4B10-BC3C-8FE78CA9764D}.Release|Any CPU.Build.0 = Release|Any CPU
		{758DD19B-D160-4669-9831-D35F367C3AA1}.Debug|Any CPU.ActiveCfg = Debug|Any CPU
		{758DD19B-D160-4669-9831-D35F367C3AA1}.Debug|Any CPU.Build.0 = Debug|Any CPU
		{758DD19B-D160-4669-9831-D35F367C3AA1}.Release|Any CPU.ActiveCfg = Release|Any CPU
		{758DD19B-D160-4669-9831-D35F367C3AA1}.Release|Any CPU.Build.0 = Release|Any CPU
		{D4CCF8B7-8EB9-4158-B908-184BB1C96A8E}.Debug|Any CPU.ActiveCfg = Debug|Any CPU
		{D4CCF8B7-8EB9-4158-B908-184BB1C96A8E}.Debug|Any CPU.Build.0 = Debug|Any CPU
		{D4CCF8B7-8EB9-4158-B908-184BB1C96A8E}.Release|Any CPU.ActiveCfg = Release|Any CPU
		{D4CCF8B7-8EB9-4158-B908-184BB1C96A8E}.Release|Any CPU.Build.0 = Release|Any CPU
		{A49BCBE1-C8C9-4EF5-B61F-BE12F67D83D3}.Debug|Any CPU.ActiveCfg = Debug|Any CPU
		{A49BCBE1-C8C9-4EF5-B61F-BE12F67D83D3}.Debug|Any CPU.Build.0 = Debug|Any CPU
		{A49BCBE1-C8C9-4EF5-B61F-BE12F67D83D3}.Release|Any CPU.ActiveCfg = Release|Any CPU
		{A49BCBE1-C8C9-4EF5-B61F-BE12F67D83D3}.Release|Any CPU.Build.0 = Release|Any CPU
	EndGlobalSection
	GlobalSection(SolutionProperties) = preSolution
		HideSolutionNode = FALSE
	EndGlobalSection
	GlobalSection(ExtensibilityGlobals) = postSolution
		SolutionGuid = {026F95CD-030E-472C-8074-C493A5A49E8E}
	EndGlobalSection
EndGlobal
